
Microsoft Visual Studio Solution File, Format Version 12.00
# Visual Studio Version 16
VisualStudioVersion = 16.0.29613.14
MinimumVisualStudioVersion = 10.0.40219.1
Project("{FAE04EC0-301F-11D3-BF4B-00C04F79EFBC}") = "PostComment", "PostComment\PostComment.csproj", "{0A9973D7-22D8-4C19-ADD9-9D808584F87B}"
EndProject
Project("{FAE04EC0-301F-11D3-BF4B-00C04F79EFBC}") = "ObjectWCF", "ObjectWCF\ObjectWCF.csproj", "{92FBEED1-CF0D-4B1E-BF7F-FDE0558FEBD2}"
EndProject
Project("{FAE04EC0-301F-11D3-BF4B-00C04F79EFBC}") = "HostWCF", "HostWCF\HostWCF.csproj", "{193C4D81-2B95-4C8A-B2E5-FC4CAADF6DC1}"
EndProject
Project("{FAE04EC0-301F-11D3-BF4B-00C04F79EFBC}") = "Client", "Client\Client.csproj", "{C357B557-42D8-47FC-A955-851F5678D40F}"
EndProject
Global
	GlobalSection(SolutionConfigurationPlatforms) = preSolution
		Debug|Any CPU = Debug|Any CPU
		Release|Any CPU = Release|Any CPU
	EndGlobalSection
	GlobalSection(ProjectConfigurationPlatforms) = postSolution
		{0A9973D7-22D8-4C19-ADD9-9D808584F87B}.Debug|Any CPU.ActiveCfg = Debug|Any CPU
		{0A9973D7-22D8-4C19-ADD9-9D808584F87B}.Debug|Any CPU.Build.0 = Debug|Any CPU
		{0A9973D7-22D8-4C19-ADD9-9D808584F87B}.Release|Any CPU.ActiveCfg = Release|Any CPU
		{0A9973D7-22D8-4C19-ADD9-9D808584F87B}.Release|Any CPU.Build.0 = Release|Any CPU
		{92FBEED1-CF0D-4B1E-BF7F-FDE0558FEBD2}.Debug|Any CPU.ActiveCfg = Debug|Any CPU
		{92FBEED1-CF0D-4B1E-BF7F-FDE0558FEBD2}.Debug|Any CPU.Build.0 = Debug|Any CPU
		{92FBEED1-CF0D-4B1E-BF7F-FDE0558FEBD2}.Release|Any CPU.ActiveCfg = Release|Any CPU
		{92FBEED1-CF0D-4B1E-BF7F-FDE0558FEBD2}.Release|Any CPU.Build.0 = Release|Any CPU
		{193C4D81-2B95-4C8A-B2E5-FC4CAADF6DC1}.Debug|Any CPU.ActiveCfg = Debug|Any CPU
		{193C4D81-2B95-4C8A-B2E5-FC4CAADF6DC1}.Debug|Any CPU.Build.0 = Debug|Any CPU
		{193C4D81-2B95-4C8A-B2E5-FC4CAADF6DC1}.Release|Any CPU.ActiveCfg = Release|Any CPU
		{193C4D81-2B95-4C8A-B2E5-FC4CAADF6DC1}.Release|Any CPU.Build.0 = Release|Any CPU
		{C357B557-42D8-47FC-A955-851F5678D40F}.Debug|Any CPU.ActiveCfg = Debug|Any CPU
		{C357B557-42D8-47FC-A955-851F5678D40F}.Debug|Any CPU.Build.0 = Debug|Any CPU
		{C357B557-42D8-47FC-A955-851F5678D40F}.Release|Any CPU.ActiveCfg = Release|Any CPU
		{C357B557-42D8-47FC-A955-851F5678D40F}.Release|Any CPU.Build.0 = Release|Any CPU
	EndGlobalSection
	GlobalSection(SolutionProperties) = preSolution
		HideSolutionNode = FALSE
	EndGlobalSection
	GlobalSection(ExtensibilityGlobals) = postSolution
		SolutionGuid = {E7932344-39E4-47CD-9798-F73CD5AB3065}
	EndGlobalSection
EndGlobal
